
Microsoft Visual Studio Solution File, Format Version 12.00
# Visual Studio 15
VisualStudioVersion = 15.0.28307.1022
MinimumVisualStudioVersion = 10.0.40219.1
Project("{8BC9CEB8-8B4A-11D0-8D11-00A0C91BC942}") = "20200625", "20200625\20200625.vcxproj", "{19AE1EF2-BBF6-43CC-A6EA-3E907CD834F5}"
EndProject
Global
	GlobalSection(SolutionConfigurationPlatforms) = preSolution
		Debug|x64 = Debug|x64
		Debug|x86 = Debug|x86
		Release|x64 = Release|x64
		Release|x86 = Release|x86
	EndGlobalSection
	GlobalSection(ProjectConfigurationPlatforms) = postSolution
		{19AE1EF2-BBF6-43CC-A6EA-3E907CD834F5}.Debug|x64.ActiveCfg = Debug|x64
		{19AE1EF2-BBF6-43CC-A6EA-3E907CD834F5}.Debug|x64.Build.0 = Debug|x64
		{19AE1EF2-BBF6-43CC-A6EA-3E907CD834F5}.Debug|x86.ActiveCfg = Debug|Win32
		{19AE1EF2-BBF6-43CC-A6EA-3E907CD834F5}.Debug|x86.Build.0 = Debug|Win32
		{19AE1EF2-BBF6-43CC-A6EA-3E907CD834F5}.Release|x64.ActiveCfg = Release|x64
		{19AE1EF2-BBF6-43CC-A6EA-3E907CD834F5}.Release|x64.Build.0 = Release|x64
		{19AE1EF2-BBF6-43CC-A6EA-3E907CD834F5}.Release|x86.ActiveCfg = Release|Win32
		{19AE1EF2-BBF6-43CC-A6EA-3E907CD834F5}.Release|x86.Build.0 = Release|Win32
	EndGlobalSection
	GlobalSection(SolutionProperties) = preSolution
		HideSolutionNode = FALSE
	EndGlobalSection
	GlobalSection(ExtensibilityGlobals) = postSolution
		SolutionGuid = {746A7DF9-DC43-4A4C-B710-BA6D9BE2D109}
	EndGlobalSection
EndGlobal
